
Microsoft Visual Studio Solution File, Format Version 12.00
# Visual Studio Version 16
VisualStudioVersion = 16.0.29102.190
MinimumVisualStudioVersion = 10.0.40219.1
Project("{9A19103F-16F7-4668-BE54-9A1E7A4F7556}") = "01.Variables", "ConsoleApp4\01.Variables.csproj", "{FEBD159E-58F2-492F-AAA1-D9CAC502BE0B}"
EndProject
Project("{9A19103F-16F7-4668-BE54-9A1E7A4F7556}") = "02.FloatingPointDataTypes", "02.IntegerDataTypes\02.FloatingPointDataTypes.csproj", "{DD0F2CF8-15C5-41B2-8EA4-D52312CD3A96}"
EndProject
Project("{9A19103F-16F7-4668-BE54-9A1E7A4F7556}") = "03.Boolean", "Boolean\03.Boolean.csproj", "{65ED9AFE-8057-411A-B867-3DC3DAF316E1}"
EndProject
Project("{9A19103F-16F7-4668-BE54-9A1E7A4F7556}") = "04.Character", "Character\04.Character.csproj", "{E0B0B193-CD45-45BB-9F16-9D4A0BD5E5E4}"
EndProject
Project("{9A19103F-16F7-4668-BE54-9A1E7A4F7556}") = "05.Data Types Strings", "Data Types Strings\05.Data Types Strings.csproj", "{C5D35D00-27FB-4841-8BBE-22B0ED882953}"
EndProject
Project("{9A19103F-16F7-4668-BE54-9A1E7A4F7556}") = "06.Arrays", "06.Arrays\06.Arrays.csproj", "{6888A571-5310-4F0A-A2CA-D4F38186A4C1}"
EndProject
Project("{9A19103F-16F7-4668-BE54-9A1E7A4F7556}") = "07.String Tricks", "07.String Tricks\07.String Tricks.csproj", "{B84C8992-052F-432B-9A05-94246C003AD9}"
EndProject
Project("{9A19103F-16F7-4668-BE54-9A1E7A4F7556}") = "08.String Ways", "08.String Ways\08.String Ways.csproj", "{96C647EA-2111-4BF3-90C6-252B9B6DBAE5}"
EndProject
Project("{9A19103F-16F7-4668-BE54-9A1E7A4F7556}") = "Converting", "Converting\Converting.csproj", "{661E02D2-031D-423A-9C78-8C0555AB495D}"
EndProject
Project("{9A19103F-16F7-4668-BE54-9A1E7A4F7556}") = "WriteAndWriteLine", "WriteAndWriteLine\WriteAndWriteLine.csproj", "{D8923175-CA2E-4F73-BCC2-845B824A02D5}"
EndProject
Project("{9A19103F-16F7-4668-BE54-9A1E7A4F7556}") = "Escaping", "Escaping\Escaping.csproj", "{DC7B414C-A66A-4D23-BA03-09584F058050}"
EndProject
Project("{9A19103F-16F7-4668-BE54-9A1E7A4F7556}") = "AlignmentsCurrencyDecimalPointETC", "AlignmentsCurrencyDecimalPointETC\AlignmentsCurrencyDecimalPointETC.csproj", "{42A45ED0-B483-4F71-9367-91B173407F83}"
EndProject
Project("{9A19103F-16F7-4668-BE54-9A1E7A4F7556}") = "Console", "Console\Console.csproj", "{8CBC3A67-5291-435C-B2DF-3C08A29F509C}"
EndProject
Project("{9A19103F-16F7-4668-BE54-9A1E7A4F7556}") = "Arithmetic Operators", "Arithmetic Operators\Arithmetic Operators.csproj", "{09300963-D9CF-43E3-B015-E56A72B9DCC8}"
EndProject
Project("{9A19103F-16F7-4668-BE54-9A1E7A4F7556}") = "Logical Operations", "Logical Operations\Logical Operations.csproj", "{8307BC69-7332-4D9D-B07A-E168E8A461CE}"
EndProject
Project("{9A19103F-16F7-4668-BE54-9A1E7A4F7556}") = "Ternary Operator", "Ternary Operator\Ternary Operator.csproj", "{24CCF0EB-FCF1-4B03-9870-C003B2BF79A8}"
EndProject
Project("{9A19103F-16F7-4668-BE54-9A1E7A4F7556}") = "if", "if\if.csproj", "{FB7460B3-66DF-478F-A49A-9AC09EAC9754}"
EndProject
Project("{9A19103F-16F7-4668-BE54-9A1E7A4F7556}") = "ifelse", "ifelse\ifelse.csproj", "{BF761B60-B73C-40BC-BAFA-43012BEC187B}"
EndProject
Project("{9A19103F-16F7-4668-BE54-9A1E7A4F7556}") = "Conditional Statement IF ELSE", "Conditional Statement IF ELSE\Conditional Statement IF ELSE.csproj", "{2F763E9D-3B88-4E7E-A8CF-9759859FAD70}"
EndProject
Project("{9A19103F-16F7-4668-BE54-9A1E7A4F7556}") = "Conditional statement", "Conditional statement\Conditional statement.csproj", "{05090F99-0817-4592-AD3F-D25A33C22A92}"
EndProject
Project("{9A19103F-16F7-4668-BE54-9A1E7A4F7556}") = "Nested Conditional Statement", "Nested Conditional Statement\Nested Conditional Statement.csproj", "{6A96BF55-4B18-4859-8925-D03FAD3034ED}"
EndProject
Project("{9A19103F-16F7-4668-BE54-9A1E7A4F7556}") = "Switch case", "Switch case\Switch case.csproj", "{77C01463-8954-4540-9E2A-EEF22BCD9DAC}"
EndProject
Project("{9A19103F-16F7-4668-BE54-9A1E7A4F7556}") = "Loops", "Loops\Loops.csproj", "{DE8C7EF1-D487-47E7-83C1-5DF61A57CC1D}"
EndProject
Project("{9A19103F-16F7-4668-BE54-9A1E7A4F7556}") = "MiniWhileGame", "MiniWhileGame\MiniWhileGame.csproj", "{BD342DF0-93DD-491B-991E-FD5A1A75941E}"
EndProject
Project("{9A19103F-16F7-4668-BE54-9A1E7A4F7556}") = "DoWhile", "DoWhile\DoWhile.csproj", "{5E4DFFA8-C0B4-4444-95A4-9480309CA926}"
EndProject
Project("{9A19103F-16F7-4668-BE54-9A1E7A4F7556}") = "ForLoops", "ForLoops\ForLoops.csproj", "{EB71B7D1-D328-474D-B095-AFCB0E1F5E02}"
EndProject
Project("{9A19103F-16F7-4668-BE54-9A1E7A4F7556}") = "ForEach", "ForEach\ForEach.csproj", "{81152474-6F80-4149-87E2-69D371C6BCAF}"
EndProject
Project("{9A19103F-16F7-4668-BE54-9A1E7A4F7556}") = "MonthsDays", "MonthsDays\MonthsDays.csproj", "{D45A0A63-FDCC-4112-9411-EA0FCCAEF7CF}"
EndProject
Project("{9A19103F-16F7-4668-BE54-9A1E7A4F7556}") = "Methods", "Methods\Methods.csproj", "{F9E8E5CF-32E0-4F90-8884-E7E2EC7EE12E}"
EndProject
Project("{9A19103F-16F7-4668-BE54-9A1E7A4F7556}") = "Methods that return", "Methods that return\Methods that return.csproj", "{F3C99737-E05F-4BFE-951E-07D70F8F81B9}"
EndProject
Project("{2150E333-8FDC-42A3-9474-1A3956D46DE8}") = "metode", "metode", "{868AE8CA-5041-4DE9-AFD3-C6665A8ECBE4}"
EndProject
Project("{9A19103F-16F7-4668-BE54-9A1E7A4F7556}") = "OverLoading", "OverLoading\OverLoading.csproj", "{CE6F58CC-19DC-40F2-99DA-FC2993B1C753}"
EndProject
Project("{9A19103F-16F7-4668-BE54-9A1E7A4F7556}") = "PlaceHolders", "PlaceHolders\PlaceHolders.csproj", "{DE09D72F-48A0-4D65-A38E-2640A5808202}"
EndProject
Project("{9A19103F-16F7-4668-BE54-9A1E7A4F7556}") = "(METD)Three numbers", "(METD)Three numbers\(METD)Three numbers.csproj", "{5C4FE050-99C5-4C7D-83C4-6F609E463E80}"
EndProject
Project("{9A19103F-16F7-4668-BE54-9A1E7A4F7556}") = "Ref and Out", "Ref and Out\Ref and Out.csproj", "{3070BF92-A640-4596-9BAB-1C4B4048C5BA}"
EndProject
Project("{9A19103F-16F7-4668-BE54-9A1E7A4F7556}") = "Reference and Value Types", "Reference and Value Types\Reference and Value Types.csproj", "{B04CF16E-E4A3-4AF9-863A-0075CC3B8B38}"
EndProject
Project("{9A19103F-16F7-4668-BE54-9A1E7A4F7556}") = "ForEach Loop", "ForEach Loop\ForEach Loop.csproj", "{36E71AAD-7534-4CE2-9F5A-387F5C625E3A}"
EndProject
Project("{9A19103F-16F7-4668-BE54-9A1E7A4F7556}") = "Outputting arrays", "Outputting arrays\Outputting arrays.csproj", "{2B6663D3-2EBC-4555-92E9-050FDFFC2316}"
EndProject
Project("{9A19103F-16F7-4668-BE54-9A1E7A4F7556}") = "Array Reversing", "Array Reversing\Array Reversing.csproj", "{008F81A0-0934-4140-B549-3CE0C87FC871}"
EndProject
Project("{9A19103F-16F7-4668-BE54-9A1E7A4F7556}") = "Bubble sort", "Bubble sort\Bubble sort.csproj", "{4EB56BE5-8EF4-432A-8AC1-6693CDA5C016}"
EndProject
Project("{9A19103F-16F7-4668-BE54-9A1E7A4F7556}") = "Lists", "Lists\Lists.csproj", "{968761DB-C49A-4978-8EA0-2B9B3095C0F3}"
EndProject
Project("{9A19103F-16F7-4668-BE54-9A1E7A4F7556}") = "PractingLists", "PractingLists\PractingLists.csproj", "{290A6ED6-B85D-424E-98E8-E542FA5C10F7}"
EndProject
Project("{9A19103F-16F7-4668-BE54-9A1E7A4F7556}") = "Basic Class", "Basic Class\Basic Class.csproj", "{9C3324E2-85DF-4964-9BA3-DF6FC1524B79}"
EndProject
Project("{2150E333-8FDC-42A3-9474-1A3956D46DE8}") = "OOP", "OOP", "{5A3A0BF8-F27B-4079-84A6-5020E5BFC234}"
EndProject
Project("{9A19103F-16F7-4668-BE54-9A1E7A4F7556}") = "MagicDestroyers", "MagicDestroyers\MagicDestroyers.csproj", "{7393BF09-73DA-45B9-B5E4-1FECD8E4D054}"
EndProject
Project("{2150E333-8FDC-42A3-9474-1A3956D46DE8}") = "All lessons", "All lessons", "{B9AD83F3-05CC-47DB-89FB-920E2631A322}"
EndProject
Project("{2150E333-8FDC-42A3-9474-1A3956D46DE8}") = "BasicClass", "BasicClass", "{D43128EB-E67A-4330-B7DE-C321B3608715}"
EndProject
Project("{2150E333-8FDC-42A3-9474-1A3956D46DE8}") = "Magic Destroyers GAME", "Magic Destroyers GAME", "{D9FC1420-3F81-474D-9BBD-634CF42F12C6}"
EndProject
Project("{2150E333-8FDC-42A3-9474-1A3956D46DE8}") = "Weapons", "Weapons", "{45A45E2F-F4B7-4CC0-9182-DEF27BABC5A1}"
EndProject
Project("{2150E333-8FDC-42A3-9474-1A3956D46DE8}") = "Sharp", "Sharp", "{3D9C802C-5860-4075-AA15-96F7A893E99F}"
	ProjectSection(SolutionItems) = preProject
		Basic Class\Sword.cs = Basic Class\Sword.cs
	EndProjectSection
EndProject
Project("{2150E333-8FDC-42A3-9474-1A3956D46DE8}") = "Character", "Character", "{116D1590-6923-4B7D-8CA2-9F14ED7DB4FA}"
	ProjectSection(SolutionItems) = preProject
		Basic Class\Character.cs = Basic Class\Character.cs
	EndProjectSection
EndProject
Project("{2150E333-8FDC-42A3-9474-1A3956D46DE8}") = "Melee", "Melee", "{86A2C997-9E3D-4A12-9809-81581C0B852C}"
	ProjectSection(SolutionItems) = preProject
		Basic Class\Warrior.cs = Basic Class\Warrior.cs
	EndProjectSection
EndProject
Project("{2150E333-8FDC-42A3-9474-1A3956D46DE8}") = "Spellcaster", "Spellcaster", "{ED7EE3C1-3F92-49A9-9957-9F1599CE0945}"
	ProjectSection(SolutionItems) = preProject
		Basic Class\Mage.cs = Basic Class\Mage.cs
	EndProjectSection
EndProject
Global
	GlobalSection(SolutionConfigurationPlatforms) = preSolution
		Debug|Any CPU = Debug|Any CPU
		Release|Any CPU = Release|Any CPU
	EndGlobalSection
	GlobalSection(ProjectConfigurationPlatforms) = postSolution
		{FEBD159E-58F2-492F-AAA1-D9CAC502BE0B}.Debug|Any CPU.ActiveCfg = Debug|Any CPU
		{FEBD159E-58F2-492F-AAA1-D9CAC502BE0B}.Debug|Any CPU.Build.0 = Debug|Any CPU
		{FEBD159E-58F2-492F-AAA1-D9CAC502BE0B}.Release|Any CPU.ActiveCfg = Release|Any CPU
		{FEBD159E-58F2-492F-AAA1-D9CAC502BE0B}.Release|Any CPU.Build.0 = Release|Any CPU
		{DD0F2CF8-15C5-41B2-8EA4-D52312CD3A96}.Debug|Any CPU.ActiveCfg = Debug|Any CPU
		{DD0F2CF8-15C5-41B2-8EA4-D52312CD3A96}.Debug|Any CPU.Build.0 = Debug|Any CPU
		{DD0F2CF8-15C5-41B2-8EA4-D52312CD3A96}.Release|Any CPU.ActiveCfg = Release|Any CPU
		{DD0F2CF8-15C5-41B2-8EA4-D52312CD3A96}.Release|Any CPU.Build.0 = Release|Any CPU
		{65ED9AFE-8057-411A-B867-3DC3DAF316E1}.Debug|Any CPU.ActiveCfg = Debug|Any CPU
		{65ED9AFE-8057-411A-B867-3DC3DAF316E1}.Debug|Any CPU.Build.0 = Debug|Any CPU
		{65ED9AFE-8057-411A-B867-3DC3DAF316E1}.Release|Any CPU.ActiveCfg = Release|Any CPU
		{65ED9AFE-8057-411A-B867-3DC3DAF316E1}.Release|Any CPU.Build.0 = Release|Any CPU
		{E0B0B193-CD45-45BB-9F16-9D4A0BD5E5E4}.Debug|Any CPU.ActiveCfg = Debug|Any CPU
		{E0B0B193-CD45-45BB-9F16-9D4A0BD5E5E4}.Debug|Any CPU.Build.0 = Debug|Any CPU
		{E0B0B193-CD45-45BB-9F16-9D4A0BD5E5E4}.Release|Any CPU.ActiveCfg = Release|Any CPU
		{E0B0B193-CD45-45BB-9F16-9D4A0BD5E5E4}.Release|Any CPU.Build.0 = Release|Any CPU
		{C5D35D00-27FB-4841-8BBE-22B0ED882953}.Debug|Any CPU.ActiveCfg = Debug|Any CPU
		{C5D35D00-27FB-4841-8BBE-22B0ED882953}.Debug|Any CPU.Build.0 = Debug|Any CPU
		{C5D35D00-27FB-4841-8BBE-22B0ED882953}.Release|Any CPU.ActiveCfg = Release|Any CPU
		{C5D35D00-27FB-4841-8BBE-22B0ED882953}.Release|Any CPU.Build.0 = Release|Any CPU
		{6888A571-5310-4F0A-A2CA-D4F38186A4C1}.Debug|Any CPU.ActiveCfg = Debug|Any CPU
		{6888A571-5310-4F0A-A2CA-D4F38186A4C1}.Debug|Any CPU.Build.0 = Debug|Any CPU
		{6888A571-5310-4F0A-A2CA-D4F38186A4C1}.Release|Any CPU.ActiveCfg = Release|Any CPU
		{6888A571-5310-4F0A-A2CA-D4F38186A4C1}.Release|Any CPU.Build.0 = Release|Any CPU
		{B84C8992-052F-432B-9A05-94246C003AD9}.Debug|Any CPU.ActiveCfg = Debug|Any CPU
		{B84C8992-052F-432B-9A05-94246C003AD9}.Debug|Any CPU.Build.0 = Debug|Any CPU
		{B84C8992-052F-432B-9A05-94246C003AD9}.Release|Any CPU.ActiveCfg = Release|Any CPU
		{B84C8992-052F-432B-9A05-94246C003AD9}.Release|Any CPU.Build.0 = Release|Any CPU
		{96C647EA-2111-4BF3-90C6-252B9B6DBAE5}.Debug|Any CPU.ActiveCfg = Debug|Any CPU
		{96C647EA-2111-4BF3-90C6-252B9B6DBAE5}.Debug|Any CPU.Build.0 = Debug|Any CPU
		{96C647EA-2111-4BF3-90C6-252B9B6DBAE5}.Release|Any CPU.ActiveCfg = Release|Any CPU
		{96C647EA-2111-4BF3-90C6-252B9B6DBAE5}.Release|Any CPU.Build.0 = Release|Any CPU
		{661E02D2-031D-423A-9C78-8C0555AB495D}.Debug|Any CPU.ActiveCfg = Debug|Any CPU
		{661E02D2-031D-423A-9C78-8C0555AB495D}.Debug|Any CPU.Build.0 = Debug|Any CPU
		{661E02D2-031D-423A-9C78-8C0555AB495D}.Release|Any CPU.ActiveCfg = Release|Any CPU
		{661E02D2-031D-423A-9C78-8C0555AB495D}.Release|Any CPU.Build.0 = Release|Any CPU
		{D8923175-CA2E-4F73-BCC2-845B824A02D5}.Debug|Any CPU.ActiveCfg = Debug|Any CPU
		{D8923175-CA2E-4F73-BCC2-845B824A02D5}.Debug|Any CPU.Build.0 = Debug|Any CPU
		{D8923175-CA2E-4F73-BCC2-845B824A02D5}.Release|Any CPU.ActiveCfg = Release|Any CPU
		{D8923175-CA2E-4F73-BCC2-845B824A02D5}.Release|Any CPU.Build.0 = Release|Any CPU
		{DC7B414C-A66A-4D23-BA03-09584F058050}.Debug|Any CPU.ActiveCfg = Debug|Any CPU
		{DC7B414C-A66A-4D23-BA03-09584F058050}.Debug|Any CPU.Build.0 = Debug|Any CPU
		{DC7B414C-A66A-4D23-BA03-09584F058050}.Release|Any CPU.ActiveCfg = Release|Any CPU
		{DC7B414C-A66A-4D23-BA03-09584F058050}.Release|Any CPU.Build.0 = Release|Any CPU
		{42A45ED0-B483-4F71-9367-91B173407F83}.Debug|Any CPU.ActiveCfg = Debug|Any CPU
		{42A45ED0-B483-4F71-9367-91B173407F83}.Debug|Any CPU.Build.0 = Debug|Any CPU
		{42A45ED0-B483-4F71-9367-91B173407F83}.Release|Any CPU.ActiveCfg = Release|Any CPU
		{42A45ED0-B483-4F71-9367-91B173407F83}.Release|Any CPU.Build.0 = Release|Any CPU
		{8CBC3A67-5291-435C-B2DF-3C08A29F509C}.Debug|Any CPU.ActiveCfg = Debug|Any CPU
		{8CBC3A67-5291-435C-B2DF-3C08A29F509C}.Debug|Any CPU.Build.0 = Debug|Any CPU
		{8CBC3A67-5291-435C-B2DF-3C08A29F509C}.Release|Any CPU.ActiveCfg = Release|Any CPU
		{8CBC3A67-5291-435C-B2DF-3C08A29F509C}.Release|Any CPU.Build.0 = Release|Any CPU
		{09300963-D9CF-43E3-B015-E56A72B9DCC8}.Debug|Any CPU.ActiveCfg = Debug|Any CPU
		{09300963-D9CF-43E3-B015-E56A72B9DCC8}.Debug|Any CPU.Build.0 = Debug|Any CPU
		{09300963-D9CF-43E3-B015-E56A72B9DCC8}.Release|Any CPU.ActiveCfg = Release|Any CPU
		{09300963-D9CF-43E3-B015-E56A72B9DCC8}.Release|Any CPU.Build.0 = Release|Any CPU
		{8307BC69-7332-4D9D-B07A-E168E8A461CE}.Debug|Any CPU.ActiveCfg = Debug|Any CPU
		{8307BC69-7332-4D9D-B07A-E168E8A461CE}.Debug|Any CPU.Build.0 = Debug|Any CPU
		{8307BC69-7332-4D9D-B07A-E168E8A461CE}.Release|Any CPU.ActiveCfg = Release|Any CPU
		{8307BC69-7332-4D9D-B07A-E168E8A461CE}.Release|Any CPU.Build.0 = Release|Any CPU
		{24CCF0EB-FCF1-4B03-9870-C003B2BF79A8}.Debug|Any CPU.ActiveCfg = Debug|Any CPU
		{24CCF0EB-FCF1-4B03-9870-C003B2BF79A8}.Debug|Any CPU.Build.0 = Debug|Any CPU
		{24CCF0EB-FCF1-4B03-9870-C003B2BF79A8}.Release|Any CPU.ActiveCfg = Release|Any CPU
		{24CCF0EB-FCF1-4B03-9870-C003B2BF79A8}.Release|Any CPU.Build.0 = Release|Any CPU
		{FB7460B3-66DF-478F-A49A-9AC09EAC9754}.Debug|Any CPU.ActiveCfg = Debug|Any CPU
		{FB7460B3-66DF-478F-A49A-9AC09EAC9754}.Debug|Any CPU.Build.0 = Debug|Any CPU
		{FB7460B3-66DF-478F-A49A-9AC09EAC9754}.Release|Any CPU.ActiveCfg = Release|Any CPU
		{FB7460B3-66DF-478F-A49A-9AC09EAC9754}.Release|Any CPU.Build.0 = Release|Any CPU
		{BF761B60-B73C-40BC-BAFA-43012BEC187B}.Debug|Any CPU.ActiveCfg = Debug|Any CPU
		{BF761B60-B73C-40BC-BAFA-43012BEC187B}.Debug|Any CPU.Build.0 = Debug|Any CPU
		{BF761B60-B73C-40BC-BAFA-43012BEC187B}.Release|Any CPU.ActiveCfg = Release|Any CPU
		{BF761B60-B73C-40BC-BAFA-43012BEC187B}.Release|Any CPU.Build.0 = Release|Any CPU
		{2F763E9D-3B88-4E7E-A8CF-9759859FAD70}.Debug|Any CPU.ActiveCfg = Debug|Any CPU
		{2F763E9D-3B88-4E7E-A8CF-9759859FAD70}.Debug|Any CPU.Build.0 = Debug|Any CPU
		{2F763E9D-3B88-4E7E-A8CF-9759859FAD70}.Release|Any CPU.ActiveCfg = Release|Any CPU
		{2F763E9D-3B88-4E7E-A8CF-9759859FAD70}.Release|Any CPU.Build.0 = Release|Any CPU
		{05090F99-0817-4592-AD3F-D25A33C22A92}.Debug|Any CPU.ActiveCfg = Debug|Any CPU
		{05090F99-0817-4592-AD3F-D25A33C22A92}.Debug|Any CPU.Build.0 = Debug|Any CPU
		{05090F99-0817-4592-AD3F-D25A33C22A92}.Release|Any CPU.ActiveCfg = Release|Any CPU
		{05090F99-0817-4592-AD3F-D25A33C22A92}.Release|Any CPU.Build.0 = Release|Any CPU
		{6A96BF55-4B18-4859-8925-D03FAD3034ED}.Debug|Any CPU.ActiveCfg = Debug|Any CPU
		{6A96BF55-4B18-4859-8925-D03FAD3034ED}.Debug|Any CPU.Build.0 = Debug|Any CPU
		{6A96BF55-4B18-4859-8925-D03FAD3034ED}.Release|Any CPU.ActiveCfg = Release|Any CPU
		{6A96BF55-4B18-4859-8925-D03FAD3034ED}.Release|Any CPU.Build.0 = Release|Any CPU
		{77C01463-8954-4540-9E2A-EEF22BCD9DAC}.Debug|Any CPU.ActiveCfg = Debug|Any CPU
		{77C01463-8954-4540-9E2A-EEF22BCD9DAC}.Debug|Any CPU.Build.0 = Debug|Any CPU
		{77C01463-8954-4540-9E2A-EEF22BCD9DAC}.Release|Any CPU.ActiveCfg = Release|Any CPU
		{77C01463-8954-4540-9E2A-EEF22BCD9DAC}.Release|Any CPU.Build.0 = Release|Any CPU
		{DE8C7EF1-D487-47E7-83C1-5DF61A57CC1D}.Debug|Any CPU.ActiveCfg = Debug|Any CPU
		{DE8C7EF1-D487-47E7-83C1-5DF61A57CC1D}.Debug|Any CPU.Build.0 = Debug|Any CPU
		{DE8C7EF1-D487-47E7-83C1-5DF61A57CC1D}.Release|Any CPU.ActiveCfg = Release|Any CPU
		{DE8C7EF1-D487-47E7-83C1-5DF61A57CC1D}.Release|Any CPU.Build.0 = Release|Any CPU
		{BD342DF0-93DD-491B-991E-FD5A1A75941E}.Debug|Any CPU.ActiveCfg = Debug|Any CPU
		{BD342DF0-93DD-491B-991E-FD5A1A75941E}.Debug|Any CPU.Build.0 = Debug|Any CPU
		{BD342DF0-93DD-491B-991E-FD5A1A75941E}.Release|Any CPU.ActiveCfg = Release|Any CPU
		{BD342DF0-93DD-491B-991E-FD5A1A75941E}.Release|Any CPU.Build.0 = Release|Any CPU
		{5E4DFFA8-C0B4-4444-95A4-9480309CA926}.Debug|Any CPU.ActiveCfg = Debug|Any CPU
		{5E4DFFA8-C0B4-4444-95A4-9480309CA926}.Debug|Any CPU.Build.0 = Debug|Any CPU
		{5E4DFFA8-C0B4-4444-95A4-9480309CA926}.Release|Any CPU.ActiveCfg = Release|Any CPU
		{5E4DFFA8-C0B4-4444-95A4-9480309CA926}.Release|Any CPU.Build.0 = Release|Any CPU
		{EB71B7D1-D328-474D-B095-AFCB0E1F5E02}.Debug|Any CPU.ActiveCfg = Debug|Any CPU
		{EB71B7D1-D328-474D-B095-AFCB0E1F5E02}.Debug|Any CPU.Build.0 = Debug|Any CPU
		{EB71B7D1-D328-474D-B095-AFCB0E1F5E02}.Release|Any CPU.ActiveCfg = Release|Any CPU
		{EB71B7D1-D328-474D-B095-AFCB0E1F5E02}.Release|Any CPU.Build.0 = Release|Any CPU
		{81152474-6F80-4149-87E2-69D371C6BCAF}.Debug|Any CPU.ActiveCfg = Debug|Any CPU
		{81152474-6F80-4149-87E2-69D371C6BCAF}.Debug|Any CPU.Build.0 = Debug|Any CPU
		{81152474-6F80-4149-87E2-69D371C6BCAF}.Release|Any CPU.ActiveCfg = Release|Any CPU
		{81152474-6F80-4149-87E2-69D371C6BCAF}.Release|Any CPU.Build.0 = Release|Any CPU
		{D45A0A63-FDCC-4112-9411-EA0FCCAEF7CF}.Debug|Any CPU.ActiveCfg = Debug|Any CPU
		{D45A0A63-FDCC-4112-9411-EA0FCCAEF7CF}.Debug|Any CPU.Build.0 = Debug|Any CPU
		{D45A0A63-FDCC-4112-9411-EA0FCCAEF7CF}.Release|Any CPU.ActiveCfg = Release|Any CPU
		{D45A0A63-FDCC-4112-9411-EA0FCCAEF7CF}.Release|Any CPU.Build.0 = Release|Any CPU
		{F9E8E5CF-32E0-4F90-8884-E7E2EC7EE12E}.Debug|Any CPU.ActiveCfg = Debug|Any CPU
		{F9E8E5CF-32E0-4F90-8884-E7E2EC7EE12E}.Debug|Any CPU.Build.0 = Debug|Any CPU
		{F9E8E5CF-32E0-4F90-8884-E7E2EC7EE12E}.Release|Any CPU.ActiveCfg = Release|Any CPU
		{F9E8E5CF-32E0-4F90-8884-E7E2EC7EE12E}.Release|Any CPU.Build.0 = Release|Any CPU
		{F3C99737-E05F-4BFE-951E-07D70F8F81B9}.Debug|Any CPU.ActiveCfg = Debug|Any CPU
		{F3C99737-E05F-4BFE-951E-07D70F8F81B9}.Debug|Any CPU.Build.0 = Debug|Any CPU
		{F3C99737-E05F-4BFE-951E-07D70F8F81B9}.Release|Any CPU.ActiveCfg = Release|Any CPU
		{F3C99737-E05F-4BFE-951E-07D70F8F81B9}.Release|Any CPU.Build.0 = Release|Any CPU
		{CE6F58CC-19DC-40F2-99DA-FC2993B1C753}.Debug|Any CPU.ActiveCfg = Debug|Any CPU
		{CE6F58CC-19DC-40F2-99DA-FC2993B1C753}.Debug|Any CPU.Build.0 = Debug|Any CPU
		{CE6F58CC-19DC-40F2-99DA-FC2993B1C753}.Release|Any CPU.ActiveCfg = Release|Any CPU
		{CE6F58CC-19DC-40F2-99DA-FC2993B1C753}.Release|Any CPU.Build.0 = Release|Any CPU
		{DE09D72F-48A0-4D65-A38E-2640A5808202}.Debug|Any CPU.ActiveCfg = Debug|Any CPU
		{DE09D72F-48A0-4D65-A38E-2640A5808202}.Debug|Any CPU.Build.0 = Debug|Any CPU
		{DE09D72F-48A0-4D65-A38E-2640A5808202}.Release|Any CPU.ActiveCfg = Release|Any CPU
		{DE09D72F-48A0-4D65-A38E-2640A5808202}.Release|Any CPU.Build.0 = Release|Any CPU
		{5C4FE050-99C5-4C7D-83C4-6F609E463E80}.Debug|Any CPU.ActiveCfg = Debug|Any CPU
		{5C4FE050-99C5-4C7D-83C4-6F609E463E80}.Debug|Any CPU.Build.0 = Debug|Any CPU
		{5C4FE050-99C5-4C7D-83C4-6F609E463E80}.Release|Any CPU.ActiveCfg = Release|Any CPU
		{5C4FE050-99C5-4C7D-83C4-6F609E463E80}.Release|Any CPU.Build.0 = Release|Any CPU
		{3070BF92-A640-4596-9BAB-1C4B4048C5BA}.Debug|Any CPU.ActiveCfg = Debug|Any CPU
		{3070BF92-A640-4596-9BAB-1C4B4048C5BA}.Debug|Any CPU.Build.0 = Debug|Any CPU
		{3070BF92-A640-4596-9BAB-1C4B4048C5BA}.Release|Any CPU.ActiveCfg = Release|Any CPU
		{3070BF92-A640-4596-9BAB-1C4B4048C5BA}.Release|Any CPU.Build.0 = Release|Any CPU
		{B04CF16E-E4A3-4AF9-863A-0075CC3B8B38}.Debug|Any CPU.ActiveCfg = Debug|Any CPU
		{B04CF16E-E4A3-4AF9-863A-0075CC3B8B38}.Debug|Any CPU.Build.0 = Debug|Any CPU
		{B04CF16E-E4A3-4AF9-863A-0075CC3B8B38}.Release|Any CPU.ActiveCfg = Release|Any CPU
		{B04CF16E-E4A3-4AF9-863A-0075CC3B8B38}.Release|Any CPU.Build.0 = Release|Any CPU
		{36E71AAD-7534-4CE2-9F5A-387F5C625E3A}.Debug|Any CPU.ActiveCfg = Debug|Any CPU
		{36E71AAD-7534-4CE2-9F5A-387F5C625E3A}.Debug|Any CPU.Build.0 = Debug|Any CPU
		{36E71AAD-7534-4CE2-9F5A-387F5C625E3A}.Release|Any CPU.ActiveCfg = Release|Any CPU
		{36E71AAD-7534-4CE2-9F5A-387F5C625E3A}.Release|Any CPU.Build.0 = Release|Any CPU
		{2B6663D3-2EBC-4555-92E9-050FDFFC2316}.Debug|Any CPU.ActiveCfg = Debug|Any CPU
		{2B6663D3-2EBC-4555-92E9-050FDFFC2316}.Debug|Any CPU.Build.0 = Debug|Any CPU
		{2B6663D3-2EBC-4555-92E9-050FDFFC2316}.Release|Any CPU.ActiveCfg = Release|Any CPU
		{2B6663D3-2EBC-4555-92E9-050FDFFC2316}.Release|Any CPU.Build.0 = Release|Any CPU
		{008F81A0-0934-4140-B549-3CE0C87FC871}.Debug|Any CPU.ActiveCfg = Debug|Any CPU
		{008F81A0-0934-4140-B549-3CE0C87FC871}.Debug|Any CPU.Build.0 = Debug|Any CPU
		{008F81A0-0934-4140-B549-3CE0C87FC871}.Release|Any CPU.ActiveCfg = Release|Any CPU
		{008F81A0-0934-4140-B549-3CE0C87FC871}.Release|Any CPU.Build.0 = Release|Any CPU
		{4EB56BE5-8EF4-432A-8AC1-6693CDA5C016}.Debug|Any CPU.ActiveCfg = Debug|Any CPU
		{4EB56BE5-8EF4-432A-8AC1-6693CDA5C016}.Debug|Any CPU.Build.0 = Debug|Any CPU
		{4EB56BE5-8EF4-432A-8AC1-6693CDA5C016}.Release|Any CPU.ActiveCfg = Release|Any CPU
		{4EB56BE5-8EF4-432A-8AC1-6693CDA5C016}.Release|Any CPU.Build.0 = Release|Any CPU
		{968761DB-C49A-4978-8EA0-2B9B3095C0F3}.Debug|Any CPU.ActiveCfg = Debug|Any CPU
		{968761DB-C49A-4978-8EA0-2B9B3095C0F3}.Debug|Any CPU.Build.0 = Debug|Any CPU
		{968761DB-C49A-4978-8EA0-2B9B3095C0F3}.Release|Any CPU.ActiveCfg = Release|Any CPU
		{968761DB-C49A-4978-8EA0-2B9B3095C0F3}.Release|Any CPU.Build.0 = Release|Any CPU
		{290A6ED6-B85D-424E-98E8-E542FA5C10F7}.Debug|Any CPU.ActiveCfg = Debug|Any CPU
		{290A6ED6-B85D-424E-98E8-E542FA5C10F7}.Debug|Any CPU.Build.0 = Debug|Any CPU
		{290A6ED6-B85D-424E-98E8-E542FA5C10F7}.Release|Any CPU.ActiveCfg = Release|Any CPU
		{290A6ED6-B85D-424E-98E8-E542FA5C10F7}.Release|Any CPU.Build.0 = Release|Any CPU
		{9C3324E2-85DF-4964-9BA3-DF6FC1524B79}.Debug|Any CPU.ActiveCfg = Debug|Any CPU
		{9C3324E2-85DF-4964-9BA3-DF6FC1524B79}.Debug|Any CPU.Build.0 = Debug|Any CPU
		{9C3324E2-85DF-4964-9BA3-DF6FC1524B79}.Release|Any CPU.ActiveCfg = Release|Any CPU
		{9C3324E2-85DF-4964-9BA3-DF6FC1524B79}.Release|Any CPU.Build.0 = Release|Any CPU
		{7393BF09-73DA-45B9-B5E4-1FECD8E4D054}.Debug|Any CPU.ActiveCfg = Debug|Any CPU
		{7393BF09-73DA-45B9-B5E4-1FECD8E4D054}.Debug|Any CPU.Build.0 = Debug|Any CPU
		{7393BF09-73DA-45B9-B5E4-1FECD8E4D054}.Release|Any CPU.ActiveCfg = Release|Any CPU
		{7393BF09-73DA-45B9-B5E4-1FECD8E4D054}.Release|Any CPU.Build.0 = Release|Any CPU
	EndGlobalSection
	GlobalSection(SolutionProperties) = preSolution
		HideSolutionNode = FALSE
	EndGlobalSection
	GlobalSection(NestedProjects) = preSolution
		{FEBD159E-58F2-492F-AAA1-D9CAC502BE0B} = {B9AD83F3-05CC-47DB-89FB-920E2631A322}
		{DD0F2CF8-15C5-41B2-8EA4-D52312CD3A96} = {B9AD83F3-05CC-47DB-89FB-920E2631A322}
		{65ED9AFE-8057-411A-B867-3DC3DAF316E1} = {B9AD83F3-05CC-47DB-89FB-920E2631A322}
		{E0B0B193-CD45-45BB-9F16-9D4A0BD5E5E4} = {B9AD83F3-05CC-47DB-89FB-920E2631A322}
		{C5D35D00-27FB-4841-8BBE-22B0ED882953} = {B9AD83F3-05CC-47DB-89FB-920E2631A322}
		{6888A571-5310-4F0A-A2CA-D4F38186A4C1} = {B9AD83F3-05CC-47DB-89FB-920E2631A322}
		{B84C8992-052F-432B-9A05-94246C003AD9} = {B9AD83F3-05CC-47DB-89FB-920E2631A322}
		{96C647EA-2111-4BF3-90C6-252B9B6DBAE5} = {B9AD83F3-05CC-47DB-89FB-920E2631A322}
		{661E02D2-031D-423A-9C78-8C0555AB495D} = {B9AD83F3-05CC-47DB-89FB-920E2631A322}
		{D8923175-CA2E-4F73-BCC2-845B824A02D5} = {B9AD83F3-05CC-47DB-89FB-920E2631A322}
		{DC7B414C-A66A-4D23-BA03-09584F058050} = {B9AD83F3-05CC-47DB-89FB-920E2631A322}
		{42A45ED0-B483-4F71-9367-91B173407F83} = {B9AD83F3-05CC-47DB-89FB-920E2631A322}
		{8CBC3A67-5291-435C-B2DF-3C08A29F509C} = {B9AD83F3-05CC-47DB-89FB-920E2631A322}
		{09300963-D9CF-43E3-B015-E56A72B9DCC8} = {B9AD83F3-05CC-47DB-89FB-920E2631A322}
		{8307BC69-7332-4D9D-B07A-E168E8A461CE} = {B9AD83F3-05CC-47DB-89FB-920E2631A322}
		{24CCF0EB-FCF1-4B03-9870-C003B2BF79A8} = {B9AD83F3-05CC-47DB-89FB-920E2631A322}
		{FB7460B3-66DF-478F-A49A-9AC09EAC9754} = {B9AD83F3-05CC-47DB-89FB-920E2631A322}
		{BF761B60-B73C-40BC-BAFA-43012BEC187B} = {B9AD83F3-05CC-47DB-89FB-920E2631A322}
		{2F763E9D-3B88-4E7E-A8CF-9759859FAD70} = {B9AD83F3-05CC-47DB-89FB-920E2631A322}
		{05090F99-0817-4592-AD3F-D25A33C22A92} = {B9AD83F3-05CC-47DB-89FB-920E2631A322}
		{6A96BF55-4B18-4859-8925-D03FAD3034ED} = {B9AD83F3-05CC-47DB-89FB-920E2631A322}
		{77C01463-8954-4540-9E2A-EEF22BCD9DAC} = {B9AD83F3-05CC-47DB-89FB-920E2631A322}
		{DE8C7EF1-D487-47E7-83C1-5DF61A57CC1D} = {B9AD83F3-05CC-47DB-89FB-920E2631A322}
		{BD342DF0-93DD-491B-991E-FD5A1A75941E} = {B9AD83F3-05CC-47DB-89FB-920E2631A322}
		{5E4DFFA8-C0B4-4444-95A4-9480309CA926} = {B9AD83F3-05CC-47DB-89FB-920E2631A322}
		{EB71B7D1-D328-474D-B095-AFCB0E1F5E02} = {B9AD83F3-05CC-47DB-89FB-920E2631A322}
		{81152474-6F80-4149-87E2-69D371C6BCAF} = {B9AD83F3-05CC-47DB-89FB-920E2631A322}
		{D45A0A63-FDCC-4112-9411-EA0FCCAEF7CF} = {B9AD83F3-05CC-47DB-89FB-920E2631A322}
		{F9E8E5CF-32E0-4F90-8884-E7E2EC7EE12E} = {868AE8CA-5041-4DE9-AFD3-C6665A8ECBE4}
		{F3C99737-E05F-4BFE-951E-07D70F8F81B9} = {868AE8CA-5041-4DE9-AFD3-C6665A8ECBE4}
		{868AE8CA-5041-4DE9-AFD3-C6665A8ECBE4} = {B9AD83F3-05CC-47DB-89FB-920E2631A322}
		{CE6F58CC-19DC-40F2-99DA-FC2993B1C753} = {868AE8CA-5041-4DE9-AFD3-C6665A8ECBE4}
		{DE09D72F-48A0-4D65-A38E-2640A5808202} = {B9AD83F3-05CC-47DB-89FB-920E2631A322}
		{5C4FE050-99C5-4C7D-83C4-6F609E463E80} = {B9AD83F3-05CC-47DB-89FB-920E2631A322}
		{3070BF92-A640-4596-9BAB-1C4B4048C5BA} = {B9AD83F3-05CC-47DB-89FB-920E2631A322}
		{B04CF16E-E4A3-4AF9-863A-0075CC3B8B38} = {B9AD83F3-05CC-47DB-89FB-920E2631A322}
		{36E71AAD-7534-4CE2-9F5A-387F5C625E3A} = {B9AD83F3-05CC-47DB-89FB-920E2631A322}
		{2B6663D3-2EBC-4555-92E9-050FDFFC2316} = {B9AD83F3-05CC-47DB-89FB-920E2631A322}
		{008F81A0-0934-4140-B549-3CE0C87FC871} = {B9AD83F3-05CC-47DB-89FB-920E2631A322}
		{4EB56BE5-8EF4-432A-8AC1-6693CDA5C016} = {B9AD83F3-05CC-47DB-89FB-920E2631A322}
		{968761DB-C49A-4978-8EA0-2B9B3095C0F3} = {B9AD83F3-05CC-47DB-89FB-920E2631A322}
		{290A6ED6-B85D-424E-98E8-E542FA5C10F7} = {868AE8CA-5041-4DE9-AFD3-C6665A8ECBE4}
		{9C3324E2-85DF-4964-9BA3-DF6FC1524B79} = {D43128EB-E67A-4330-B7DE-C321B3608715}
		{7393BF09-73DA-45B9-B5E4-1FECD8E4D054} = {D9FC1420-3F81-474D-9BBD-634CF42F12C6}
		{D9FC1420-3F81-474D-9BBD-634CF42F12C6} = {5A3A0BF8-F27B-4079-84A6-5020E5BFC234}
		{45A45E2F-F4B7-4CC0-9182-DEF27BABC5A1} = {D43128EB-E67A-4330-B7DE-C321B3608715}
		{3D9C802C-5860-4075-AA15-96F7A893E99F} = {45A45E2F-F4B7-4CC0-9182-DEF27BABC5A1}
		{116D1590-6923-4B7D-8CA2-9F14ED7DB4FA} = {D43128EB-E67A-4330-B7DE-C321B3608715}
		{86A2C997-9E3D-4A12-9809-81581C0B852C} = {116D1590-6923-4B7D-8CA2-9F14ED7DB4FA}
		{ED7EE3C1-3F92-49A9-9957-9F1599CE0945} = {116D1590-6923-4B7D-8CA2-9F14ED7DB4FA}
	EndGlobalSection
	GlobalSection(ExtensibilityGlobals) = postSolution
		SolutionGuid = {134D1F15-56FD-440F-9927-998DE3F0CF71}
	EndGlobalSection
EndGlobal
